
Microsoft Visual Studio Solution File, Format Version 11.00
# Visual Studio 2010
Project("{FAE04EC0-301F-11D3-BF4B-00C04F79EFBC}") = "1", "Assembly-CSharp.csproj", "{77BB0C59-6EDF-441D-78FC-8511ED0AC6CC}"
EndProject
Project("{FAE04EC0-301F-11D3-BF4B-00C04F79EFBC}") = "1", "Assembly-CSharp-Editor.csproj", "{9E448358-421A-2E3A-3503-C1E1B44EC21D}"
EndProject
Global
	GlobalSection(SolutionConfigurationPlatforms) = preSolution
		Debug|Any CPU = Debug|Any CPU
		Release|Any CPU = Release|Any CPU
	EndGlobalSection
	GlobalSection(ProjectConfigurationPlatforms) = postSolution
		{77BB0C59-6EDF-441D-78FC-8511ED0AC6CC}.Debug|Any CPU.ActiveCfg = Debug|Any CPU
		{77BB0C59-6EDF-441D-78FC-8511ED0AC6CC}.Debug|Any CPU.Build.0 = Debug|Any CPU
		{77BB0C59-6EDF-441D-78FC-8511ED0AC6CC}.Release|Any CPU.ActiveCfg = Release|Any CPU
		{77BB0C59-6EDF-441D-78FC-8511ED0AC6CC}.Release|Any CPU.Build.0 = Release|Any CPU
		{9E448358-421A-2E3A-3503-C1E1B44EC21D}.Debug|Any CPU.ActiveCfg = Debug|Any CPU
		{9E448358-421A-2E3A-3503-C1E1B44EC21D}.Debug|Any CPU.Build.0 = Debug|Any CPU
		{9E448358-421A-2E3A-3503-C1E1B44EC21D}.Release|Any CPU.ActiveCfg = Release|Any CPU
		{9E448358-421A-2E3A-3503-C1E1B44EC21D}.Release|Any CPU.Build.0 = Release|Any CPU
	EndGlobalSection
	GlobalSection(SolutionProperties) = preSolution
		HideSolutionNode = FALSE
	EndGlobalSection
	GlobalSection(MonoDevelopProperties) = preSolution
		StartupItem = Assembly-CSharp.csproj
	EndGlobalSection
EndGlobal
